
Microsoft Visual Studio Solution File, Format Version 12.00
# Visual Studio 14
VisualStudioVersion = 14.0.25420.1
MinimumVisualStudioVersion = 10.0.40219.1
Project("{2150E333-8FDC-42A3-9474-1A3956D46DE8}") = "src", "src", "{2B42A5DB-4659-4B08-AB01-A7BF796FE423}"
EndProject
Project("{2150E333-8FDC-42A3-9474-1A3956D46DE8}") = "Solution Items", "Solution Items", "{E3DCEC3E-79A9-457C-83DC-B29F5CC4C17B}"
	ProjectSection(SolutionItems) = preProject
		global.json = global.json
	EndProjectSection
EndProject
Project("{8BB2217D-0F2D-49D1-97BC-3654ED321F3B}") = "Acrossud", "src\Acrossud\Acrossud.xproj", "{B246EFC3-6FE3-41E6-BB5F-537A1B906205}"
EndProject
Global
	GlobalSection(SolutionConfigurationPlatforms) = preSolution
		Debug|Any CPU = Debug|Any CPU
		Release|Any CPU = Release|Any CPU
	EndGlobalSection
	GlobalSection(ProjectConfigurationPlatforms) = postSolution
		{B246EFC3-6FE3-41E6-BB5F-537A1B906205}.Debug|Any CPU.ActiveCfg = Debug|Any CPU
		{B246EFC3-6FE3-41E6-BB5F-537A1B906205}.Debug|Any CPU.Build.0 = Debug|Any CPU
		{B246EFC3-6FE3-41E6-BB5F-537A1B906205}.Release|Any CPU.ActiveCfg = Release|Any CPU
		{B246EFC3-6FE3-41E6-BB5F-537A1B906205}.Release|Any CPU.Build.0 = Release|Any CPU
	EndGlobalSection
	GlobalSection(SolutionProperties) = preSolution
		HideSolutionNode = FALSE
	EndGlobalSection
	GlobalSection(NestedProjects) = preSolution
		{B246EFC3-6FE3-41E6-BB5F-537A1B906205} = {2B42A5DB-4659-4B08-AB01-A7BF796FE423}
	EndGlobalSection
EndGlobal
